
Microsoft Visual Studio Solution File, Format Version 12.00
# Visual Studio 15
VisualStudioVersion = 15.0.28307.960
MinimumVisualStudioVersion = 10.0.40219.1
Project("{FAE04EC0-301F-11D3-BF4B-00C04F79EFBC}") = "senai-filmes", "senai-filmes\senai-filmes.csproj", "{CD2F9FA2-882C-49C1-AC01-B09FFD190C15}"
EndProject
Global
	GlobalSection(SolutionConfigurationPlatforms) = preSolution
		Debug|Any CPU = Debug|Any CPU
		Release|Any CPU = Release|Any CPU
	EndGlobalSection
	GlobalSection(ProjectConfigurationPlatforms) = postSolution
		{CD2F9FA2-882C-49C1-AC01-B09FFD190C15}.Debug|Any CPU.ActiveCfg = Debug|Any CPU
		{CD2F9FA2-882C-49C1-AC01-B09FFD190C15}.Debug|Any CPU.Build.0 = Debug|Any CPU
		{CD2F9FA2-882C-49C1-AC01-B09FFD190C15}.Release|Any CPU.ActiveCfg = Release|Any CPU
		{CD2F9FA2-882C-49C1-AC01-B09FFD190C15}.Release|Any CPU.Build.0 = Release|Any CPU
	EndGlobalSection
	GlobalSection(SolutionProperties) = preSolution
		HideSolutionNode = FALSE
	EndGlobalSection
	GlobalSection(ExtensibilityGlobals) = postSolution
		SolutionGuid = {81E1F1DC-2753-4AA4-9AE6-A013A633597A}
	EndGlobalSection
EndGlobal
